{
  "name": "donerelay",
  "version": "0.1.0",
  "lockfileVersion": 3,
  "requires": true,
  "packages": {
    "": {
      "name": "donerelay",
      "version": "0.1.0",
      "license": "MIT",
      "bin": {
        "donerelay": "bin/donerelay.mjs"
      },
      "engines": {
        "node": ">=22.16.0"
      }
    }
  }
}
